// !$*UTF8*$!
{
	archiveVersion = 1;
	classes = {
	};
	objectVersion = 77;
	objects = {

/* Begin PBXContainerItemProxy section */
		8B51BC172DE32B3D00C3D617 /* PBXContainerItemProxy */ = {
			isa = PBXContainerItemProxy;
			containerPortal = 8B51BBFF2DE32B3C00C3D617 /* Project object */;
			proxyType = 1;
			remoteGlobalIDString = 8B51BC062DE32B3C00C3D617;
			remoteInfo = SwiftMidiOverBLE;
		};
		8B51BC212DE32B3D00C3D617 /* PBXContainerItemProxy */ = {
			isa = PBXContainerItemProxy;
			containerPortal = 8B51BBFF2DE32B3C00C3D617 /* Project object */;
			proxyType = 1;
			remoteGlobalIDString = 8B51BC062DE32B3C00C3D617;
			remoteInfo = SwiftMidiOverBLE;
		};
/* End PBXContainerItemProxy section */

/* Begin PBXFileReference section */
		8B51BC072DE32B3C00C3D617 /* SwiftMidiOverBLE.app */ = {isa = PBXFileReference; explicitFileType = wrapper.application; includeInIndex = 0; path = SwiftMidiOverBLE.app; sourceTree = BUILT_PRODUCTS_DIR; };
		8B51BC162DE32B3D00C3D617 /* SwiftMidiOverBLETests.xctest */ = {isa = PBXFileReference; explicitFileType = wrapper.cfbundle; includeInIndex = 0; path = SwiftMidiOverBLETests.xctest; sourceTree = BUILT_PRODUCTS_DIR; };
		8B51BC202DE32B3D00C3D617 /* SwiftMidiOverBLEUITests.xctest */ = {isa = PBXFileReference; explicitFileType = wrapper.cfbundle; includeInIndex = 0; path = SwiftMidiOverBLEUITests.xctest; sourceTree = BUILT_PRODUCTS_DIR; };
/* End PBXFileReference section */

/* Begin PBXFileSystemSynchronizedBuildFileExceptionSet section */
		8B5FADDA2E2BC7AB00F8A631 /* Exceptions for "SwiftMidiOverBLE" folder in "SwiftMidiOverBLE" target */ = {
			isa = PBXFileSystemSynchronizedBuildFileExceptionSet;
			membershipExceptions = (
				Info.plist,
			);
			target = 8B51BC062DE32B3C00C3D617 /* SwiftMidiOverBLE */;
		};
/* End PBXFileSystemSynchronizedBuildFileExceptionSet section */

/* Begin PBXFileSystemSynchronizedRootGroup section */
		8B51BC092DE32B3C00C3D617 /* SwiftMidiOverBLE */ = {
			isa = PBXFileSystemSynchronizedRootGroup;
			exceptions = (
				8B5FADDA2E2BC7AB00F8A631 /* Exceptions for "SwiftMidiOverBLE" folder in "SwiftMidiOverBLE" target */,
			);
			path = SwiftMidiOverBLE;
			sourceTree = "<group>";
		};
		8B51BC192DE32B3D00C3D617 /* SwiftMidiOverBLETests */ = {
			isa = PBXFileSystemSynchronizedRootGroup;
			path = SwiftMidiOverBLETests;
			sourceTree = "<group>";
		};
		8B51BC232DE32B3D00C3D617 /* SwiftMidiOverBLEUITests */ = {
			isa = PBXFileSystemSynchronizedRootGroup;
			path = SwiftMidiOverBLEUITests;
			sourceTree = "<group>";
		};
/* End PBXFileSystemSynchronizedRootGroup section */

/* Begin PBXFrameworksBuildPhase section */
		8B51BC042DE32B3C00C3D617 /* Frameworks */ = {
			isa = PBXFrameworksBuildPhase;
			buildActionMask = 2147483647;
			files = (
			);
			runOnlyForDeploymentPostprocessing = 0;
		};
		8B51BC132DE32B3D00C3D617 /* Frameworks */ = {
			isa = PBXFrameworksBuildPhase;
			buildActionMask = 2147483647;
			files = (
			);
			runOnlyForDeploymentPostprocessing = 0;
		};
		8B51BC1D2DE32B3D00C3D617 /* Frameworks */ = {
			isa = PBXFrameworksBuildPhase;
			buildActionMask = 2147483647;
			files = (
			);
			runOnlyForDeploymentPostprocessing = 0;
		};
/* End PBXFrameworksBuildPhase section */

/* Begin PBXGroup section */
		8B51BBFE2DE32B3C00C3D617 = {
			isa = PBXGroup;
			children = (
				8B51BC092DE32B3C00C3D617 /* SwiftMidiOverBLE */,
				8B51BC192DE32B3D00C3D617 /* SwiftMidiOverBLETests */,
				8B51BC232DE32B3D00C3D617 /* SwiftMidiOverBLEUITests */,
				8B51BC082DE32B3C00C3D617 /* Products */,
			);
			sourceTree = "<group>";
		};
		8B51BC082DE32B3C00C3D617 /* Products */ = {
			isa = PBXGroup;
			children = (
				8B51BC072DE32B3C00C3D617 /* SwiftMidiOverBLE.app */,
				8B51BC162DE32B3D00C3D617 /* SwiftMidiOverBLETests.xctest */,
				8B51BC202DE32B3D00C3D617 /* SwiftMidiOverBLEUITests.xctest */,
			);
			name = Products;
			sourceTree = "<group>";
		};
/* End PBXGroup section */

/* Begin PBXNativeTarget section */
		8B51BC062DE32B3C00C3D617 /* SwiftMidiOverBLE */ = {
			isa = PBXNativeTarget;
			buildConfigurationList = 8B51BC2A2DE32B3D00C3D617 /* Build configuration list for PBXNativeTarget "SwiftMidiOverBLE" */;
			buildPhases = (
				8B51BC032DE32B3C00C3D617 /* Sources */,
				8B51BC042DE32B3C00C3D617 /* Frameworks */,
				8B51BC052DE32B3C00C3D617 /* Resources */,
			);
			buildRules = (
			);
			dependencies = (
			);
			fileSystemSynchronizedGroups = (
				8B51BC092DE32B3C00C3D617 /* SwiftMidiOverBLE */,
			);
			name = SwiftMidiOverBLE;
			packageProductDependencies = (
			);
			productName = SwiftMidiOverBLE;
			productReference = 8B51BC072DE32B3C00C3D617 /* SwiftMidiOverBLE.app */;
			productType = "com.apple.product-type.application";
		};
		8B51BC152DE32B3D00C3D617 /* SwiftMidiOverBLETests */ = {
			isa = PBXNativeTarget;
			buildConfigurationList = 8B51BC2D2DE32B3D00C3D617 /* Build configuration list for PBXNativeTarget "SwiftMidiOverBLETests" */;
			buildPhases = (
				8B51BC122DE32B3D00C3D617 /* Sources */,
				8B51BC132DE32B3D00C3D617 /* Frameworks */,
				8B51BC142DE32B3D00C3D617 /* Resources */,
			);
			buildRules = (
			);
			dependencies = (
				8B51BC182DE32B3D00C3D617 /* PBXTargetDependency */,
			);
			fileSystemSynchronizedGroups = (
				8B51BC192DE32B3D00C3D617 /* SwiftMidiOverBLETests */,
			);
			name = SwiftMidiOverBLETests;
			packageProductDependencies = (
			);
			productName = SwiftMidiOverBLETests;
			productReference = 8B51BC162DE32B3D00C3D617 /* SwiftMidiOverBLETests.xctest */;
			productType = "com.apple.product-type.bundle.unit-test";
		};
		8B51BC1F2DE32B3D00C3D617 /* SwiftMidiOverBLEUITests */ = {
			isa = PBXNativeTarget;
			buildConfigurationList = 8B51BC302DE32B3D00C3D617 /* Build configuration list for PBXNativeTarget "SwiftMidiOverBLEUITests" */;
			buildPhases = (
				8B51BC1C2DE32B3D00C3D617 /* Sources */,
				8B51BC1D2DE32B3D00C3D617 /* Frameworks */,
				8B51BC1E2DE32B3D00C3D617 /* Resources */,
			);
			buildRules = (
			);
			dependencies = (
				8B51BC222DE32B3D00C3D617 /* PBXTargetDependency */,
			);
			fileSystemSynchronizedGroups = (
				8B51BC232DE32B3D00C3D617 /* SwiftMidiOverBLEUITests */,
			);
			name = SwiftMidiOverBLEUITests;
			packageProductDependencies = (
			);
			productName = SwiftMidiOverBLEUITests;
			productReference = 8B51BC202DE32B3D00C3D617 /* SwiftMidiOverBLEUITests.xctest */;
			productType = "com.apple.product-type.bundle.ui-testing";
		};
/* End PBXNativeTarget section */

/* Begin PBXProject section */
		8B51BBFF2DE32B3C00C3D617 /* Project object */ = {
			isa = PBXProject;
			attributes = {
				BuildIndependentTargetsInParallel = 1;
				LastSwiftUpdateCheck = 1630;
				LastUpgradeCheck = 1630;
				TargetAttributes = {
					8B51BC062DE32B3C00C3D617 = {
						CreatedOnToolsVersion = 16.3;
					};
					8B51BC152DE32B3D00C3D617 = {
						CreatedOnToolsVersion = 16.3;
						TestTargetID = 8B51BC062DE32B3C00C3D617;
					};
					8B51BC1F2DE32B3D00C3D617 = {
						CreatedOnToolsVersion = 16.3;
						TestTargetID = 8B51BC062DE32B3C00C3D617;
					};
				};
			};
			buildConfigurationList = 8B51BC022DE32B3C00C3D617 /* Build configuration list for PBXProject "SwiftMidiOverBLE" */;
			developmentRegion = en;
			hasScannedForEncodings = 0;
			knownRegions = (
				en,
				Base,
			);
			mainGroup = 8B51BBFE2DE32B3C00C3D617;
			minimizedProjectReferenceProxies = 1;
			preferredProjectObjectVersion = 77;
			productRefGroup = 8B51BC082DE32B3C00C3D617 /* Products */;
			projectDirPath = "";
			projectRoot = "";
			targets = (
				8B51BC062DE32B3C00C3D617 /* SwiftMidiOverBLE */,
				8B51BC152DE32B3D00C3D617 /* SwiftMidiOverBLETests */,
				8B51BC1F2DE32B3D00C3D617 /* SwiftMidiOverBLEUITests */,
			);
		};
/* End PBXProject section */

/* Begin PBXResourcesBuildPhase section */
		8B51BC052DE32B3C00C3D617 /* Resources */ = {
			isa = PBXResourcesBuildPhase;
			buildActionMask = 2147483647;
			files = (
			);
			runOnlyForDeploymentPostprocessing = 0;
		};
		8B51BC142DE32B3D00C3D617 /* Resources */ = {
			isa = PBXResourcesBuildPhase;
			buildActionMask = 2147483647;
			files = (
			);
			runOnlyForDeploymentPostprocessing = 0;
		};
		8B51BC1E2DE32B3D00C3D617 /* Resources */ = {
			isa = PBXResourcesBuildPhase;
			buildActionMask = 2147483647;
			files = (
			);
			runOnlyForDeploymentPostprocessing = 0;
		};
/* End PBXResourcesBuildPhase section */

/* Begin PBXSourcesBuildPhase section */
		8B51BC032DE32B3C00C3D617 /* Sources */ = {
			isa = PBXSourcesBuildPhase;
			buildActionMask = 2147483647;
			files = (
			);
			runOnlyForDeploymentPostprocessing = 0;
		};
		8B51BC122DE32B3D00C3D617 /* Sources */ = {
			isa = PBXSourcesBuildPhase;
			buildActionMask = 2147483647;
			files = (
			);
			runOnlyForDeploymentPostprocessing = 0;
		};
		8B51BC1C2DE32B3D00C3D617 /* Sources */ = {
			isa = PBXSourcesBuildPhase;
			buildActionMask = 2147483647;
			files = (
			);
			runOnlyForDeploymentPostprocessing = 0;
		};
/* End PBXSourcesBuildPhase section */

/* Begin PBXTargetDependency section */
		8B51BC182DE32B3D00C3D617 /* PBXTargetDependency */ = {
			isa = PBXTargetDependency;
			target = 8B51BC062DE32B3C00C3D617 /* SwiftMidiOverBLE */;
			targetProxy = 8B51BC172DE32B3D00C3D617 /* PBXContainerItemProxy */;
		};
		8B51BC222DE32B3D00C3D617 /* PBXTargetDependency */ = {
			isa = PBXTargetDependency;
			target = 8B51BC062DE32B3C00C3D617 /* SwiftMidiOverBLE */;
			targetProxy = 8B51BC212DE32B3D00C3D617 /* PBXContainerItemProxy */;
		};
/* End PBXTargetDependency section */

/* Begin XCBuildConfiguration section */
		8B51BC282DE32B3D00C3D617 /* Debug */ = {
			isa = XCBuildConfiguration;
			buildSettings = {
				ALWAYS_SEARCH_USER_PATHS = NO;
				ASSETCATALOG_COMPILER_GENERATE_SWIFT_ASSET_SYMBOL_EXTENSIONS = YES;
				CLANG_ANALYZER_NONNULL = YES;
				CLANG_ANALYZER_NUMBER_OBJECT_CONVERSION = YES_AGGRESSIVE;
				CLANG_CXX_LANGUAGE_STANDARD = "gnu++20";
				CLANG_ENABLE_MODULES = YES;
				CLANG_ENABLE_OBJC_ARC = YES;
				CLANG_ENABLE_OBJC_WEAK = YES;
				CLANG_WARN_BLOCK_CAPTURE_AUTORELEASING = YES;
				CLANG_WARN_BOOL_CONVERSION = YES;
				CLANG_WARN_COMMA = YES;
				CLANG_WARN_CONSTANT_CONVERSION = YES;
				CLANG_WARN_DEPRECATED_OBJC_IMPLEMENTATIONS = YES;
				CLANG_WARN_DIRECT_OBJC_ISA_USAGE = YES_ERROR;
				CLANG_WARN_DOCUMENTATION_COMMENTS = YES;
				CLANG_WARN_EMPTY_BODY = YES;
				CLANG_WARN_ENUM_CONVERSION = YES;
				CLANG_WARN_INFINITE_RECURSION = YES;
				CLANG_WARN_INT_CONVERSION = YES;
				CLANG_WARN_NON_LITERAL_NULL_CONVERSION = YES;
				CLANG_WARN_OBJC_IMPLICIT_RETAIN_SELF = YES;
				CLANG_WARN_OBJC_LITERAL_CONVERSION = YES;
				CLANG_WARN_OBJC_ROOT_CLASS = YES_ERROR;
				CLANG_WARN_QUOTED_INCLUDE_IN_FRAMEWORK_HEADER = YES;
				CLANG_WARN_RANGE_LOOP_ANALYSIS = YES;
				CLANG_WARN_STRICT_PROTOTYPES = YES;
				CLANG_WARN_SUSPICIOUS_MOVE = YES;
				CLANG_WARN_UNGUARDED_AVAILABILITY = YES_AGGRESSIVE;
				CLANG_WARN_UNREACHABLE_CODE = YES;
				CLANG_WARN__DUPLICATE_METHOD_MATCH = YES;
				COPY_PHASE_STRIP = NO;
				DEBUG_INFORMATION_FORMAT = dwarf;
				DEVELOPMENT_TEAM = 9EKLFRZ9XK;
				ENABLE_STRICT_OBJC_MSGSEND = YES;
				ENABLE_TESTABILITY = YES;
				ENABLE_USER_SCRIPT_SANDBOXING = YES;
				GCC_C_LANGUAGE_STANDARD = gnu17;
				GCC_DYNAMIC_NO_PIC = NO;
				GCC_NO_COMMON_BLOCKS = YES;
				GCC_OPTIMIZATION_LEVEL = 0;
				GCC_PREPROCESSOR_DEFINITIONS = (
					"DEBUG=1",
					"$(inherited)",
				);
				GCC_WARN_64_TO_32_BIT_CONVERSION = YES;
				GCC_WARN_ABOUT_RETURN_TYPE = YES_ERROR;
				GCC_WARN_UNDECLARED_SELECTOR = YES;
				GCC_WARN_UNINITIALIZED_AUTOS = YES_AGGRESSIVE;
				GCC_WARN_UNUSED_FUNCTION = YES;
				GCC_WARN_UNUSED_VARIABLE = YES;
				IPHONEOS_DEPLOYMENT_TARGET = 18.4;
				LOCALIZATION_PREFERS_STRING_CATALOGS = YES;
				MTL_ENABLE_DEBUG_INFO = INCLUDE_SOURCE;
				MTL_FAST_MATH = YES;
				ONLY_ACTIVE_ARCH = YES;
				SDKROOT = iphoneos;
				SWIFT_ACTIVE_COMPILATION_CONDITIONS = "DEBUG $(inherited)";
				SWIFT_OPTIMIZATION_LEVEL = "-Onone";
			};
			name = Debug;
		};
		8B51BC292DE32B3D00C3D617 /* Release */ = {
			isa = XCBuildConfiguration;
			buildSettings = {
				ALWAYS_SEARCH_USER_PATHS = NO;
				ASSETCATALOG_COMPILER_GENERATE_SWIFT_ASSET_SYMBOL_EXTENSIONS = YES;
				CLANG_ANALYZER_NONNULL = YES;
				CLANG_ANALYZER_NUMBER_OBJECT_CONVERSION = YES_AGGRESSIVE;
				CLANG_CXX_LANGUAGE_STANDARD = "gnu++20";
				CLANG_ENABLE_MODULES = YES;
				CLANG_ENABLE_OBJC_ARC = YES;
				CLANG_ENABLE_OBJC_WEAK = YES;
				CLANG_WARN_BLOCK_CAPTURE_AUTORELEASING = YES;
				CLANG_WARN_BOOL_CONVERSION = YES;
				CLANG_WARN_COMMA = YES;
				CLANG_WARN_CONSTANT_CONVERSION = YES;
				CLANG_WARN_DEPRECATED_OBJC_IMPLEMENTATIONS = YES;
				CLANG_WARN_DIRECT_OBJC_ISA_USAGE = YES_ERROR;
				CLANG_WARN_DOCUMENTATION_COMMENTS = YES;
				CLANG_WARN_EMPTY_BODY = YES;
				CLANG_WARN_ENUM_CONVERSION = YES;
				CLANG_WARN_INFINITE_RECURSION = YES;
				CLANG_WARN_INT_CONVERSION = YES;
				CLANG_WARN_NON_LITERAL_NULL_CONVERSION = YES;
				CLANG_WARN_OBJC_IMPLICIT_RETAIN_SELF = YES;
				CLANG_WARN_OBJC_LITERAL_CONVERSION = YES;
				CLANG_WARN_OBJC_ROOT_CLASS = YES_ERROR;
				CLANG_WARN_QUOTED_INCLUDE_IN_FRAMEWORK_HEADER = YES;
				CLANG_WARN_RANGE_LOOP_ANALYSIS = YES;
				CLANG_WARN_STRICT_PROTOTYPES = YES;
				CLANG_WARN_SUSPICIOUS_MOVE = YES;
				CLANG_WARN_UNGUARDED_AVAILABILITY = YES_AGGRESSIVE;
				CLANG_WARN_UNREACHABLE_CODE = YES;
				CLANG_WARN__DUPLICATE_METHOD_MATCH = YES;
				COPY_PHASE_STRIP = NO;
				DEBUG_INFORMATION_FORMAT = "dwarf-with-dsym";
				DEVELOPMENT_TEAM = 9EKLFRZ9XK;
				ENABLE_NS_ASSERTIONS = NO;
				ENABLE_STRICT_OBJC_MSGSEND = YES;
				ENABLE_USER_SCRIPT_SANDBOXING = YES;
				GCC_C_LANGUAGE_STANDARD = gnu17;
				GCC_NO_COMMON_BLOCKS = YES;
				GCC_WARN_64_TO_32_BIT_CONVERSION = YES;
				GCC_WARN_ABOUT_RETURN_TYPE = YES_ERROR;
				GCC_WARN_UNDECLARED_SELECTOR = YES;
				GCC_WARN_UNINITIALIZED_AUTOS = YES_AGGRESSIVE;
				GCC_WARN_UNUSED_FUNCTION = YES;
				GCC_WARN_UNUSED_VARIABLE = YES;
				IPHONEOS_DEPLOYMENT_TARGET = 18.4;
				LOCALIZATION_PREFERS_STRING_CATALOGS = YES;
				MTL_ENABLE_DEBUG_INFO = NO;
				MTL_FAST_MATH = YES;
				SDKROOT = iphoneos;
				SWIFT_COMPILATION_MODE = wholemodule;
				VALIDATE_PRODUCT = YES;
			};
			name = Release;
		};
		8B51BC2B2DE32B3D00C3D617 /* Debug */ = {
			isa = XCBuildConfiguration;
			buildSettings = {
				ASSETCATALOG_COMPILER_APPICON_NAME = AppIcon;
				ASSETCATALOG_COMPILER_GLOBAL_ACCENT_COLOR_NAME = AccentColor;
				CODE_SIGN_STYLE = Automatic;
				CURRENT_PROJECT_VERSION = 1;
				DEVELOPMENT_TEAM = 9EKLFRZ9XK;
				ENABLE_PREVIEWS = YES;
				GENERATE_INFOPLIST_FILE = YES;
				INFOPLIST_FILE = SwiftMidiOverBLE/Info.plist;
				INFOPLIST_KEY_NSBluetoothAlwaysUsageDescription = "This app uses Bluetooth to communicate with other MIDI capable devices";
				INFOPLIST_KEY_UIApplicationSceneManifest_Generation = YES;
				INFOPLIST_KEY_UIApplicationSupportsIndirectInputEvents = YES;
				INFOPLIST_KEY_UILaunchScreen_Generation = YES;
				INFOPLIST_KEY_UISupportedInterfaceOrientations_iPad = "UIInterfaceOrientationPortrait UIInterfaceOrientationPortraitUpsideDown UIInterfaceOrientationLandscapeLeft UIInterfaceOrientationLandscapeRight";
				INFOPLIST_KEY_UISupportedInterfaceOrientations_iPhone = "UIInterfaceOrientationPortrait UIInterfaceOrientationLandscapeLeft UIInterfaceOrientationLandscapeRight";
				LD_RUNPATH_SEARCH_PATHS = (
					"$(inherited)",
					"@executable_path/Frameworks",
				);
				MARKETING_VERSION = 1.0;
				PRODUCT_BUNDLE_IDENTIFIER = FrncsJRC.SwiftMidiOverBLE;
				PRODUCT_NAME = "$(TARGET_NAME)";
				SWIFT_EMIT_LOC_STRINGS = YES;
				SWIFT_VERSION = 5.0;
				TARGETED_DEVICE_FAMILY = "1,2";
			};
			name = Debug;
		};
		8B51BC2C2DE32B3D00C3D617 /* Release */ = {
			isa = XCBuildConfiguration;
			buildSettings = {
				ASSETCATALOG_COMPILER_APPICON_NAME = AppIcon;
				ASSETCATALOG_COMPILER_GLOBAL_ACCENT_COLOR_NAME = AccentColor;
				CODE_SIGN_STYLE = Automatic;
				CURRENT_PROJECT_VERSION = 1;
				DEVELOPMENT_TEAM = 9EKLFRZ9XK;
				ENABLE_PREVIEWS = YES;
				GENERATE_INFOPLIST_FILE = YES;
				INFOPLIST_FILE = SwiftMidiOverBLE/Info.plist;
				INFOPLIST_KEY_NSBluetoothAlwaysUsageDescription = "This app uses Bluetooth to communicate with other MIDI capable devices";
				INFOPLIST_KEY_UIApplicationSceneManifest_Generation = YES;
				INFOPLIST_KEY_UIApplicationSupportsIndirectInputEvents = YES;
				INFOPLIST_KEY_UILaunchScreen_Generation = YES;
				INFOPLIST_KEY_UISupportedInterfaceOrientations_iPad = "UIInterfaceOrientationPortrait UIInterfaceOrientationPortraitUpsideDown UIInterfaceOrientationLandscapeLeft UIInterfaceOrientationLandscapeRight";
				INFOPLIST_KEY_UISupportedInterfaceOrientations_iPhone = "UIInterfaceOrientationPortrait UIInterfaceOrientationLandscapeLeft UIInterfaceOrientationLandscapeRight";
				LD_RUNPATH_SEARCH_PATHS = (
					"$(inherited)",
					"@executable_path/Frameworks",
				);
				MARKETING_VERSION = 1.0;
				PRODUCT_BUNDLE_IDENTIFIER = FrncsJRC.SwiftMidiOverBLE;
				PRODUCT_NAME = "$(TARGET_NAME)";
				SWIFT_EMIT_LOC_STRINGS = YES;
				SWIFT_VERSION = 5.0;
				TARGETED_DEVICE_FAMILY = "1,2";
			};
			name = Release;
		};
		8B51BC2E2DE32B3D00C3D617 /* Debug */ = {
			isa = XCBuildConfiguration;
			buildSettings = {
				BUNDLE_LOADER = "$(TEST_HOST)";
				CODE_SIGN_STYLE = Automatic;
				CURRENT_PROJECT_VERSION = 1;
				DEVELOPMENT_TEAM = 9EKLFRZ9XK;
				GENERATE_INFOPLIST_FILE = YES;
				IPHONEOS_DEPLOYMENT_TARGET = 18.4;
				MARKETING_VERSION = 1.0;
				PRODUCT_BUNDLE_IDENTIFIER = FrncsJRC.SwiftMidiOverBLETests;
				PRODUCT_NAME = "$(TARGET_NAME)";
				SWIFT_EMIT_LOC_STRINGS = NO;
				SWIFT_VERSION = 5.0;
				TARGETED_DEVICE_FAMILY = "1,2";
				TEST_HOST = "$(BUILT_PRODUCTS_DIR)/SwiftMidiOverBLE.app/$(BUNDLE_EXECUTABLE_FOLDER_PATH)/SwiftMidiOverBLE";
			};
			name = Debug;
		};
		8B51BC2F2DE32B3D00C3D617 /* Release */ = {
			isa = XCBuildConfiguration;
			buildSettings = {
				BUNDLE_LOADER = "$(TEST_HOST)";
				CODE_SIGN_STYLE = Automatic;
				CURRENT_PROJECT_VERSION = 1;
				DEVELOPMENT_TEAM = 9EKLFRZ9XK;
				GENERATE_INFOPLIST_FILE = YES;
				IPHONEOS_DEPLOYMENT_TARGET = 18.4;
				MARKETING_VERSION = 1.0;
				PRODUCT_BUNDLE_IDENTIFIER = FrncsJRC.SwiftMidiOverBLETests;
				PRODUCT_NAME = "$(TARGET_NAME)";
				SWIFT_EMIT_LOC_STRINGS = NO;
				SWIFT_VERSION = 5.0;
				TARGETED_DEVICE_FAMILY = "1,2";
				TEST_HOST = "$(BUILT_PRODUCTS_DIR)/SwiftMidiOverBLE.app/$(BUNDLE_EXECUTABLE_FOLDER_PATH)/SwiftMidiOverBLE";
			};
			name = Release;
		};
		8B51BC312DE32B3D00C3D617 /* Debug */ = {
			isa = XCBuildConfiguration;
			buildSettings = {
				CODE_SIGN_STYLE = Automatic;
				CURRENT_PROJECT_VERSION = 1;
				DEVELOPMENT_TEAM = 9EKLFRZ9XK;
				GENERATE_INFOPLIST_FILE = YES;
				MARKETING_VERSION = 1.0;
				PRODUCT_BUNDLE_IDENTIFIER = FrncsJRC.SwiftMidiOverBLEUITests;
				PRODUCT_NAME = "$(TARGET_NAME)";
				SWIFT_EMIT_LOC_STRINGS = NO;
				SWIFT_VERSION = 5.0;
				TARGETED_DEVICE_FAMILY = "1,2";
				TEST_TARGET_NAME = SwiftMidiOverBLE;
			};
			name = Debug;
		};
		8B51BC322DE32B3D00C3D617 /* Release */ = {
			isa = XCBuildConfiguration;
			buildSettings = {
				CODE_SIGN_STYLE = Automatic;
				CURRENT_PROJECT_VERSION = 1;
				DEVELOPMENT_TEAM = 9EKLFRZ9XK;
				GENERATE_INFOPLIST_FILE = YES;
				MARKETING_VERSION = 1.0;
				PRODUCT_BUNDLE_IDENTIFIER = FrncsJRC.SwiftMidiOverBLEUITests;
				PRODUCT_NAME = "$(TARGET_NAME)";
				SWIFT_EMIT_LOC_STRINGS = NO;
				SWIFT_VERSION = 5.0;
				TARGETED_DEVICE_FAMILY = "1,2";
				TEST_TARGET_NAME = SwiftMidiOverBLE;
			};
			name = Release;
		};
/* End XCBuildConfiguration section */

/* Begin XCConfigurationList section */
		8B51BC022DE32B3C00C3D617 /* Build configuration list for PBXProject "SwiftMidiOverBLE" */ = {
			isa = XCConfigurationList;
			buildConfigurations = (
				8B51BC282DE32B3D00C3D617 /* Debug */,
				8B51BC292DE32B3D00C3D617 /* Release */,
			);
			defaultConfigurationIsVisible = 0;
			defaultConfigurationName = Release;
		};
		8B51BC2A2DE32B3D00C3D617 /* Build configuration list for PBXNativeTarget "SwiftMidiOverBLE" */ = {
			isa = XCConfigurationList;
			buildConfigurations = (
				8B51BC2B2DE32B3D00C3D617 /* Debug */,
				8B51BC2C2DE32B3D00C3D617 /* Release */,
			);
			defaultConfigurationIsVisible = 0;
			defaultConfigurationName = Release;
		};
		8B51BC2D2DE32B3D00C3D617 /* Build configuration list for PBXNativeTarget "SwiftMidiOverBLETests" */ = {
			isa = XCConfigurationList;
			buildConfigurations = (
				8B51BC2E2DE32B3D00C3D617 /* Debug */,
				8B51BC2F2DE32B3D00C3D617 /* Release */,
			);
			defaultConfigurationIsVisible = 0;
			defaultConfigurationName = Release;
		};
		8B51BC302DE32B3D00C3D617 /* Build configuration list for PBXNativeTarget "SwiftMidiOverBLEUITests" */ = {
			isa = XCConfigurationList;
			buildConfigurations = (
				8B51BC312DE32B3D00C3D617 /* Debug */,
				8B51BC322DE32B3D00C3D617 /* Release */,
			);
			defaultConfigurationIsVisible = 0;
			defaultConfigurationName = Release;
		};
/* End XCConfigurationList section */
	};
	rootObject = 8B51BBFF2DE32B3C00C3D617 /* Project object */;
}
